
Microsoft Visual Studio Solution File, Format Version 12.00
# Visual Studio Version 16
VisualStudioVersion = 16.0.32126.315
MinimumVisualStudioVersion = 10.0.40219.1
Project("{FAE04EC0-301F-11D3-BF4B-00C04F79EFBC}") = "DOE522_FA2_9188_CProject", "DOE522_FA2_9188_CProject\DOE522_FA2_9188_CProject.csproj", "{5DCE560A-1DF7-4883-ACB7-B5A4F98690F2}"
EndProject
Global
	GlobalSection(SolutionConfigurationPlatforms) = preSolution
		Debug|Any CPU = Debug|Any CPU
		Release|Any CPU = Release|Any CPU
	EndGlobalSection
	GlobalSection(ProjectConfigurationPlatforms) = postSolution
		{5DCE560A-1DF7-4883-ACB7-B5A4F98690F2}.Debug|Any CPU.ActiveCfg = Debug|Any CPU
		{5DCE560A-1DF7-4883-ACB7-B5A4F98690F2}.Debug|Any CPU.Build.0 = Debug|Any CPU
		{5DCE560A-1DF7-4883-ACB7-B5A4F98690F2}.Release|Any CPU.ActiveCfg = Release|Any CPU
		{5DCE560A-1DF7-4883-ACB7-B5A4F98690F2}.Release|Any CPU.Build.0 = Release|Any CPU
	EndGlobalSection
	GlobalSection(SolutionProperties) = preSolution
		HideSolutionNode = FALSE
	EndGlobalSection
	GlobalSection(ExtensibilityGlobals) = postSolution
		SolutionGuid = {50FE8ACE-4E56-4AA9-B7EE-9E80891A9492}
	EndGlobalSection
EndGlobal
